// !$*UTF8*$!
{
	archiveVersion = 1;
	classes = {
	};
	objectVersion = 46;
	objects = {

/* Begin PBXBuildFile section */
		D5D2ADEF1A3346A8006C5C96 /* main.cpp in Sources */ = {isa = PBXBuildFile; fileRef = D5D2ADEE1A3346A8006C5C96 /* main.cpp */; };
		D5D2ADF21A3346A8006C5C96 /* VludumdaRe-Prefix.pch in Headers */ = {isa = PBXBuildFile; fileRef = D5D2ADF11A3346A8006C5C96 /* VludumdaRe-Prefix.pch */; };
		D5D2AE051A337B5B006C5C96 /* libsixense_utils_x64.dylib in Frameworks */ = {isa = PBXBuildFile; fileRef = D5D2AE031A337B5B006C5C96 /* libsixense_utils_x64.dylib */; };
		D5D2AE061A337B5B006C5C96 /* libsixense_x64.dylib in Frameworks */ = {isa = PBXBuildFile; fileRef = D5D2AE041A337B5B006C5C96 /* libsixense_x64.dylib */; };
		D5D2AE081A338C3B006C5C96 /* Foundation.framework in Frameworks */ = {isa = PBXBuildFile; fileRef = D5D2AE071A338C3B006C5C96 /* Foundation.framework */; };
		D5D2AE0A1A338C41006C5C96 /* CoreGraphics.framework in Frameworks */ = {isa = PBXBuildFile; fileRef = D5D2AE091A338C41006C5C96 /* CoreGraphics.framework */; };
		D5D2AE0C1A338C55006C5C96 /* OpenGL.framework in Frameworks */ = {isa = PBXBuildFile; fileRef = D5D2AE0B1A338C55006C5C96 /* OpenGL.framework */; };
		D5D2AE0E1A338C5F006C5C96 /* IOKit.framework in Frameworks */ = {isa = PBXBuildFile; fileRef = D5D2AE0D1A338C5F006C5C96 /* IOKit.framework */; };
		D5D2AE151A338DEC006C5C96 /* LD31Application.cpp in Sources */ = {isa = PBXBuildFile; fileRef = D5D2AE0F1A338DEC006C5C96 /* LD31Application.cpp */; };
		D5D2AE161A338DEC006C5C96 /* LD31Application.h in Headers */ = {isa = PBXBuildFile; fileRef = D5D2AE101A338DEC006C5C96 /* LD31Application.h */; };
		D5D2AE171A338DEC006C5C96 /* LD31FullscreenEffects.cpp in Sources */ = {isa = PBXBuildFile; fileRef = D5D2AE111A338DEC006C5C96 /* LD31FullscreenEffects.cpp */; };
		D5D2AE181A338DEC006C5C96 /* LD31FullscreenEffects.h in Headers */ = {isa = PBXBuildFile; fileRef = D5D2AE121A338DEC006C5C96 /* LD31FullscreenEffects.h */; };
		D5D2AE191A338DEC006C5C96 /* LD31World.cpp in Sources */ = {isa = PBXBuildFile; fileRef = D5D2AE131A338DEC006C5C96 /* LD31World.cpp */; };
		D5D2AE1A1A338DEC006C5C96 /* LD31World.h in Headers */ = {isa = PBXBuildFile; fileRef = D5D2AE141A338DEC006C5C96 /* LD31World.h */; };
		D5E00DD21A348E2200A1DEE2 /* LD31Racket.cpp in Sources */ = {isa = PBXBuildFile; fileRef = D5E00DD01A348E2200A1DEE2 /* LD31Racket.cpp */; };
		D5E00DD31A348E2200A1DEE2 /* LD31Racket.h in Headers */ = {isa = PBXBuildFile; fileRef = D5E00DD11A348E2200A1DEE2 /* LD31Racket.h */; };
		D5E00DD61A34910600A1DEE2 /* LD31Ball.cpp in Sources */ = {isa = PBXBuildFile; fileRef = D5E00DD41A34910600A1DEE2 /* LD31Ball.cpp */; };
		D5E00DD71A34910600A1DEE2 /* LD31Ball.h in Headers */ = {isa = PBXBuildFile; fileRef = D5E00DD51A34910600A1DEE2 /* LD31Ball.h */; };
		D5E00DDE1A34971700A1DEE2 /* LD31Opponent.cpp in Sources */ = {isa = PBXBuildFile; fileRef = D5E00DDC1A34971700A1DEE2 /* LD31Opponent.cpp */; };
		D5E00DDF1A34971700A1DEE2 /* LD31Opponent.h in Headers */ = {isa = PBXBuildFile; fileRef = D5E00DDD1A34971700A1DEE2 /* LD31Opponent.h */; };
/* End PBXBuildFile section */

/* Begin PBXFileReference section */
		D5D2ADE31A3346A8006C5C96 /* VludumdaRe.app */ = {isa = PBXFileReference; explicitFileType = wrapper.application; includeInIndex = 0; path = VludumdaRe.app; sourceTree = BUILT_PRODUCTS_DIR; };
		D5D2ADEE1A3346A8006C5C96 /* main.cpp */ = {isa = PBXFileReference; lastKnownFileType = sourcecode.cpp.cpp; name = main.cpp; path = "Supporting files/main.cpp"; sourceTree = "<group>"; };
		D5D2ADF01A3346A8006C5C96 /* VludumdaRe-Info.plist */ = {isa = PBXFileReference; lastKnownFileType = text.plist.xml; name = "VludumdaRe-Info.plist"; path = "Supporting files/VludumdaRe-Info.plist"; sourceTree = "<group>"; };
		D5D2ADF11A3346A8006C5C96 /* VludumdaRe-Prefix.pch */ = {isa = PBXFileReference; lastKnownFileType = sourcecode.c.h; name = "VludumdaRe-Prefix.pch"; path = "Supporting files/VludumdaRe-Prefix.pch"; sourceTree = "<group>"; };
		D5D2ADF41A3346A8006C5C96 /* manifest.json */ = {isa = PBXFileReference; lastKnownFileType = text.json; path = manifest.json; sourceTree = "<group>"; };
		D5D2ADF51A3346A8006C5C96 /* settings.json */ = {isa = PBXFileReference; lastKnownFileType = folder; path = settings.json; sourceTree = "<group>"; };
		D5D2AE031A337B5B006C5C96 /* libsixense_utils_x64.dylib */ = {isa = PBXFileReference; lastKnownFileType = "compiled.mach-o.dylib"; name = libsixense_utils_x64.dylib; path = "VludumdaRe/Resources/modules/rayne-sixense/libsixense_utils_x64.dylib"; sourceTree = "<group>"; };
		D5D2AE041A337B5B006C5C96 /* libsixense_x64.dylib */ = {isa = PBXFileReference; lastKnownFileType = "compiled.mach-o.dylib"; name = libsixense_x64.dylib; path = "VludumdaRe/Resources/modules/rayne-sixense/libsixense_x64.dylib"; sourceTree = "<group>"; };
		D5D2AE071A338C3B006C5C96 /* Foundation.framework */ = {isa = PBXFileReference; lastKnownFileType = wrapper.framework; name = Foundation.framework; path = Platforms/MacOSX.platform/Developer/SDKs/MacOSX10.9.sdk/System/Library/Frameworks/Foundation.framework; sourceTree = DEVELOPER_DIR; };
		D5D2AE091A338C41006C5C96 /* CoreGraphics.framework */ = {isa = PBXFileReference; lastKnownFileType = wrapper.framework; name = CoreGraphics.framework; path = Platforms/MacOSX.platform/Developer/SDKs/MacOSX10.9.sdk/System/Library/Frameworks/CoreGraphics.framework; sourceTree = DEVELOPER_DIR; };
		D5D2AE0B1A338C55006C5C96 /* OpenGL.framework */ = {isa = PBXFileReference; lastKnownFileType = wrapper.framework; name = OpenGL.framework; path = Platforms/MacOSX.platform/Developer/SDKs/MacOSX10.9.sdk/System/Library/Frameworks/OpenGL.framework; sourceTree = DEVELOPER_DIR; };
		D5D2AE0D1A338C5F006C5C96 /* IOKit.framework */ = {isa = PBXFileReference; lastKnownFileType = wrapper.framework; name = IOKit.framework; path = Platforms/MacOSX.platform/Developer/SDKs/MacOSX10.9.sdk/System/Library/Frameworks/IOKit.framework; sourceTree = DEVELOPER_DIR; };
		D5D2AE0F1A338DEC006C5C96 /* LD31Application.cpp */ = {isa = PBXFileReference; fileEncoding = 4; lastKnownFileType = sourcecode.cpp.cpp; name = LD31Application.cpp; path = Classes/LD31Application.cpp; sourceTree = "<group>"; };
		D5D2AE101A338DEC006C5C96 /* LD31Application.h */ = {isa = PBXFileReference; fileEncoding = 4; lastKnownFileType = sourcecode.c.h; name = LD31Application.h; path = Classes/LD31Application.h; sourceTree = "<group>"; };
		D5D2AE111A338DEC006C5C96 /* LD31FullscreenEffects.cpp */ = {isa = PBXFileReference; fileEncoding = 4; lastKnownFileType = sourcecode.cpp.cpp; name = LD31FullscreenEffects.cpp; path = Classes/LD31FullscreenEffects.cpp; sourceTree = "<group>"; };
		D5D2AE121A338DEC006C5C96 /* LD31FullscreenEffects.h */ = {isa = PBXFileReference; fileEncoding = 4; lastKnownFileType = sourcecode.c.h; name = LD31FullscreenEffects.h; path = Classes/LD31FullscreenEffects.h; sourceTree = "<group>"; };
		D5D2AE131A338DEC006C5C96 /* LD31World.cpp */ = {isa = PBXFileReference; fileEncoding = 4; lastKnownFileType = sourcecode.cpp.cpp; name = LD31World.cpp; path = Classes/LD31World.cpp; sourceTree = "<group>"; };
		D5D2AE141A338DEC006C5C96 /* LD31World.h */ = {isa = PBXFileReference; fileEncoding = 4; lastKnownFileType = sourcecode.c.h; name = LD31World.h; path = Classes/LD31World.h; sourceTree = "<group>"; };
		D5E00DD01A348E2200A1DEE2 /* LD31Racket.cpp */ = {isa = PBXFileReference; fileEncoding = 4; lastKnownFileType = sourcecode.cpp.cpp; name = LD31Racket.cpp; path = Classes/LD31Racket.cpp; sourceTree = "<group>"; };
		D5E00DD11A348E2200A1DEE2 /* LD31Racket.h */ = {isa = PBXFileReference; fileEncoding = 4; lastKnownFileType = sourcecode.c.h; name = LD31Racket.h; path = Classes/LD31Racket.h; sourceTree = "<group>"; };
		D5E00DD41A34910600A1DEE2 /* LD31Ball.cpp */ = {isa = PBXFileReference; fileEncoding = 4; lastKnownFileType = sourcecode.cpp.cpp; name = LD31Ball.cpp; path = Classes/LD31Ball.cpp; sourceTree = "<group>"; };
		D5E00DD51A34910600A1DEE2 /* LD31Ball.h */ = {isa = PBXFileReference; fileEncoding = 4; lastKnownFileType = sourcecode.c.h; name = LD31Ball.h; path = Classes/LD31Ball.h; sourceTree = "<group>"; };
		D5E00DDC1A34971700A1DEE2 /* LD31Opponent.cpp */ = {isa = PBXFileReference; fileEncoding = 4; lastKnownFileType = sourcecode.cpp.cpp; name = LD31Opponent.cpp; path = Classes/LD31Opponent.cpp; sourceTree = "<group>"; };
		D5E00DDD1A34971700A1DEE2 /* LD31Opponent.h */ = {isa = PBXFileReference; fileEncoding = 4; lastKnownFileType = sourcecode.c.h; name = LD31Opponent.h; path = Classes/LD31Opponent.h; sourceTree = "<group>"; };
/* End PBXFileReference section */

/* Begin PBXFrameworksBuildPhase section */
		D5D2ADDF1A3346A8006C5C96 /* Frameworks */ = {
			isa = PBXFrameworksBuildPhase;
			buildActionMask = 2147483647;
			files = (
				D5D2AE0E1A338C5F006C5C96 /* IOKit.framework in Frameworks */,
				D5D2AE0C1A338C55006C5C96 /* OpenGL.framework in Frameworks */,
				D5D2AE0A1A338C41006C5C96 /* CoreGraphics.framework in Frameworks */,
				D5D2AE081A338C3B006C5C96 /* Foundation.framework in Frameworks */,
				D5D2AE051A337B5B006C5C96 /* libsixense_utils_x64.dylib in Frameworks */,
				D5D2AE061A337B5B006C5C96 /* libsixense_x64.dylib in Frameworks */,
			);
			runOnlyForDeploymentPostprocessing = 0;
		};
/* End PBXFrameworksBuildPhase section */

/* Begin PBXGroup section */
		D5D2ADD91A3346A8006C5C96 = {
			isa = PBXGroup;
			children = (
				D5D2AE0D1A338C5F006C5C96 /* IOKit.framework */,
				D5D2AE0B1A338C55006C5C96 /* OpenGL.framework */,
				D5D2AE091A338C41006C5C96 /* CoreGraphics.framework */,
				D5D2AE071A338C3B006C5C96 /* Foundation.framework */,
				D5D2AE031A337B5B006C5C96 /* libsixense_utils_x64.dylib */,
				D5D2AE041A337B5B006C5C96 /* libsixense_x64.dylib */,
				D5D2ADE51A3346A8006C5C96 /* VludumdaRe */,
				D5D2ADE41A3346A8006C5C96 /* Products */,
			);
			sourceTree = "<group>";
		};
		D5D2ADE41A3346A8006C5C96 /* Products */ = {
			isa = PBXGroup;
			children = (
				D5D2ADE31A3346A8006C5C96 /* VludumdaRe.app */,
			);
			name = Products;
			sourceTree = "<group>";
		};
		D5D2ADE51A3346A8006C5C96 /* VludumdaRe */ = {
			isa = PBXGroup;
			children = (
				D5D2ADF31A3346A8006C5C96 /* Resources */,
				D5D2ADE61A3346A8006C5C96 /* Classes */,
				D5D2ADED1A3346A8006C5C96 /* Supporting files */,
			);
			path = VludumdaRe;
			sourceTree = "<group>";
		};
		D5D2ADE61A3346A8006C5C96 /* Classes */ = {
			isa = PBXGroup;
			children = (
				D5D2AE0F1A338DEC006C5C96 /* LD31Application.cpp */,
				D5D2AE101A338DEC006C5C96 /* LD31Application.h */,
				D5D2AE111A338DEC006C5C96 /* LD31FullscreenEffects.cpp */,
				D5D2AE121A338DEC006C5C96 /* LD31FullscreenEffects.h */,
				D5D2AE131A338DEC006C5C96 /* LD31World.cpp */,
				D5D2AE141A338DEC006C5C96 /* LD31World.h */,
				D5E00DD01A348E2200A1DEE2 /* LD31Racket.cpp */,
				D5E00DD11A348E2200A1DEE2 /* LD31Racket.h */,
				D5E00DD41A34910600A1DEE2 /* LD31Ball.cpp */,
				D5E00DD51A34910600A1DEE2 /* LD31Ball.h */,
				D5E00DDC1A34971700A1DEE2 /* LD31Opponent.cpp */,
				D5E00DDD1A34971700A1DEE2 /* LD31Opponent.h */,
			);
			name = Classes;
			sourceTree = "<group>";
		};
		D5D2ADED1A3346A8006C5C96 /* Supporting files */ = {
			isa = PBXGroup;
			children = (
				D5D2ADEE1A3346A8006C5C96 /* main.cpp */,
				D5D2ADF01A3346A8006C5C96 /* VludumdaRe-Info.plist */,
				D5D2ADF11A3346A8006C5C96 /* VludumdaRe-Prefix.pch */,
			);
			name = "Supporting files";
			sourceTree = "<group>";
		};
		D5D2ADF31A3346A8006C5C96 /* Resources */ = {
			isa = PBXGroup;
			children = (
				D5D2ADF41A3346A8006C5C96 /* manifest.json */,
				D5D2ADF51A3346A8006C5C96 /* settings.json */,
			);
			path = Resources;
			sourceTree = "<group>";
		};
/* End PBXGroup section */

/* Begin PBXHeadersBuildPhase section */
		D5D2ADE01A3346A8006C5C96 /* Headers */ = {
			isa = PBXHeadersBuildPhase;
			buildActionMask = 2147483647;
			files = (
				D5D2ADF21A3346A8006C5C96 /* VludumdaRe-Prefix.pch in Headers */,
				D5E00DD71A34910600A1DEE2 /* LD31Ball.h in Headers */,
				D5D2AE1A1A338DEC006C5C96 /* LD31World.h in Headers */,
				D5E00DD31A348E2200A1DEE2 /* LD31Racket.h in Headers */,
				D5D2AE161A338DEC006C5C96 /* LD31Application.h in Headers */,
				D5D2AE181A338DEC006C5C96 /* LD31FullscreenEffects.h in Headers */,
				D5E00DDF1A34971700A1DEE2 /* LD31Opponent.h in Headers */,
			);
			runOnlyForDeploymentPostprocessing = 0;
		};
/* End PBXHeadersBuildPhase section */

/* Begin PBXNativeTarget section */
		D5D2ADE21A3346A8006C5C96 /* VludumdaRe */ = {
			isa = PBXNativeTarget;
			buildConfigurationList = D5D2ADF81A3346A8006C5C96 /* Build configuration list for PBXNativeTarget "VludumdaRe" */;
			buildPhases = (
				D5D2ADDE1A3346A8006C5C96 /* Sources */,
				D5D2ADDF1A3346A8006C5C96 /* Frameworks */,
				D5D2ADE01A3346A8006C5C96 /* Headers */,
				D5D2ADE11A3346A8006C5C96 /* ShellScript */,
			);
			buildRules = (
			);
			dependencies = (
			);
			name = VludumdaRe;
			productName = VludumdaRe;
			productReference = D5D2ADE31A3346A8006C5C96 /* VludumdaRe.app */;
			productType = "com.apple.product-type.application";
		};
/* End PBXNativeTarget section */

/* Begin PBXProject section */
		D5D2ADDA1A3346A8006C5C96 /* Project object */ = {
			isa = PBXProject;
			attributes = {
				LastUpgradeCheck = 0610;
				ORGANIZATIONNAME = Uberpixel;
				TargetAttributes = {
					D5D2ADE21A3346A8006C5C96 = {
						CreatedOnToolsVersion = 6.1.1;
					};
				};
			};
			buildConfigurationList = D5D2ADDD1A3346A8006C5C96 /* Build configuration list for PBXProject "VludumdaRe" */;
			compatibilityVersion = "Xcode 3.2";
			developmentRegion = English;
			hasScannedForEncodings = 0;
			knownRegions = (
				en,
			);
			mainGroup = D5D2ADD91A3346A8006C5C96;
			productRefGroup = D5D2ADE41A3346A8006C5C96 /* Products */;
			projectDirPath = "";
			projectRoot = "";
			targets = (
				D5D2ADE21A3346A8006C5C96 /* VludumdaRe */,
			);
		};
/* End PBXProject section */

/* Begin PBXShellScriptBuildPhase section */
		D5D2ADE11A3346A8006C5C96 /* ShellScript */ = {
			isa = PBXShellScriptBuildPhase;
			buildActionMask = 2147483647;
			files = (
			);
			inputPaths = (
			);
			outputPaths = (
			);
			runOnlyForDeploymentPostprocessing = 0;
			shellPath = /bin/sh;
			shellScript = "OUTPUT_DIR=\"$BUILT_PRODUCTS_DIR/$CONTENTS_FOLDER_PATH/Resources/\"\nRESOURCES_DIR=\"$PROJECT_DIR/$TARGET_NAME/Resources/\"\n\nrsync -avz \"$RESOURCES_DIR\" \"$OUTPUT_DIR\"\n\t\t\t\t\t";
		};
/* End PBXShellScriptBuildPhase section */

/* Begin PBXSourcesBuildPhase section */
		D5D2ADDE1A3346A8006C5C96 /* Sources */ = {
			isa = PBXSourcesBuildPhase;
			buildActionMask = 2147483647;
			files = (
				D5E00DDE1A34971700A1DEE2 /* LD31Opponent.cpp in Sources */,
				D5E00DD61A34910600A1DEE2 /* LD31Ball.cpp in Sources */,
				D5D2AE151A338DEC006C5C96 /* LD31Application.cpp in Sources */,
				D5D2ADEF1A3346A8006C5C96 /* main.cpp in Sources */,
				D5D2AE191A338DEC006C5C96 /* LD31World.cpp in Sources */,
				D5D2AE171A338DEC006C5C96 /* LD31FullscreenEffects.cpp in Sources */,
				D5E00DD21A348E2200A1DEE2 /* LD31Racket.cpp in Sources */,
			);
			runOnlyForDeploymentPostprocessing = 0;
		};
/* End PBXSourcesBuildPhase section */

/* Begin XCBuildConfiguration section */
		D5D2ADF61A3346A8006C5C96 /* Debug */ = {
			isa = XCBuildConfiguration;
			buildSettings = {
				ALWAYS_SEARCH_USER_PATHS = NO;
				CLANG_CXX_LANGUAGE_STANDARD = "gnu++0x";
				CLANG_CXX_LIBRARY = "libc++";
				CLANG_ENABLE_MODULES = YES;
				CLANG_ENABLE_OBJC_ARC = YES;
				CLANG_WARN_BOOL_CONVERSION = YES;
				CLANG_WARN_CONSTANT_CONVERSION = YES;
				CLANG_WARN_DIRECT_OBJC_ISA_USAGE = YES_ERROR;
				CLANG_WARN_EMPTY_BODY = YES;
				CLANG_WARN_ENUM_CONVERSION = YES;
				CLANG_WARN_INT_CONVERSION = YES;
				CLANG_WARN_OBJC_ROOT_CLASS = YES_ERROR;
				CLANG_WARN_UNREACHABLE_CODE = YES;
				CLANG_WARN__DUPLICATE_METHOD_MATCH = YES;
				COPY_PHASE_STRIP = NO;
				ENABLE_STRICT_OBJC_MSGSEND = YES;
				GCC_C_LANGUAGE_STANDARD = gnu99;
				GCC_DYNAMIC_NO_PIC = NO;
				GCC_OPTIMIZATION_LEVEL = 0;
				GCC_PREPROCESSOR_DEFINITIONS = (
					"DEBUG=1",
					"$(inherited)",
				);
				GCC_SYMBOLS_PRIVATE_EXTERN = NO;
				GCC_WARN_64_TO_32_BIT_CONVERSION = YES;
				GCC_WARN_ABOUT_RETURN_TYPE = YES_ERROR;
				GCC_WARN_UNDECLARED_SELECTOR = YES;
				GCC_WARN_UNINITIALIZED_AUTOS = YES_AGGRESSIVE;
				GCC_WARN_UNUSED_FUNCTION = YES;
				GCC_WARN_UNUSED_VARIABLE = YES;
				MTL_ENABLE_DEBUG_INFO = YES;
				ONLY_ACTIVE_ARCH = YES;
			};
			name = Debug;
		};
		D5D2ADF71A3346A8006C5C96 /* Release */ = {
			isa = XCBuildConfiguration;
			buildSettings = {
				ALWAYS_SEARCH_USER_PATHS = NO;
				CLANG_CXX_LANGUAGE_STANDARD = "gnu++0x";
				CLANG_CXX_LIBRARY = "libc++";
				CLANG_ENABLE_MODULES = YES;
				CLANG_ENABLE_OBJC_ARC = YES;
				CLANG_WARN_BOOL_CONVERSION = YES;
				CLANG_WARN_CONSTANT_CONVERSION = YES;
				CLANG_WARN_DIRECT_OBJC_ISA_USAGE = YES_ERROR;
				CLANG_WARN_EMPTY_BODY = YES;
				CLANG_WARN_ENUM_CONVERSION = YES;
				CLANG_WARN_INT_CONVERSION = YES;
				CLANG_WARN_OBJC_ROOT_CLASS = YES_ERROR;
				CLANG_WARN_UNREACHABLE_CODE = YES;
				CLANG_WARN__DUPLICATE_METHOD_MATCH = YES;
				COPY_PHASE_STRIP = YES;
				ENABLE_NS_ASSERTIONS = NO;
				ENABLE_STRICT_OBJC_MSGSEND = YES;
				GCC_C_LANGUAGE_STANDARD = gnu99;
				GCC_WARN_64_TO_32_BIT_CONVERSION = YES;
				GCC_WARN_ABOUT_RETURN_TYPE = YES_ERROR;
				GCC_WARN_UNDECLARED_SELECTOR = YES;
				GCC_WARN_UNINITIALIZED_AUTOS = YES_AGGRESSIVE;
				GCC_WARN_UNUSED_FUNCTION = YES;
				GCC_WARN_UNUSED_VARIABLE = YES;
				MTL_ENABLE_DEBUG_INFO = NO;
			};
			name = Release;
		};
		D5D2ADF91A3346A8006C5C96 /* Debug */ = {
			isa = XCBuildConfiguration;
			buildSettings = {
				GCC_PRECOMPILE_PREFIX_HEADER = YES;
				GCC_PREFIX_HEADER = "VludumdaRe/Supporting files/VludumdaRe-Prefix.pch";
				HEADER_SEARCH_PATHS = (
					"$(inherited)",
					/usr/local/include/rayne/,
					"\"$(SRCROOT)/VludumdaRe/Resources/modules/rayne-sixense/include\"",
					"\"$(SRCROOT)/VludumdaRe/Resources/modules/rayne-oculus/include\"",
					"\"$(SRCROOT)/VludumdaRe/Resources/modules/rayne-oculus/Src\"",
					"\"$(SRCROOT)/VludumdaRe/Resources/modules/rayne-bullet/include\"",
				);
				INFOPLIST_FILE = "VludumdaRe/Supporting files/VludumdaRe-Info.plist";
				LIBRARY_SEARCH_PATHS = (
					"$(inherited)",
					/usr/local/lib/,
					"\"$(SRCROOT)/VludumdaRe/Resources/modules\"",
					"$(PROJECT_DIR)/VludumdaRe/Resources/modules/rayne-sixense",
					"\"$(SRCROOT)/VludumdaRe/Resources/modules/rayne-oculus\"",
					"\"$(SRCROOT)/VludumdaRe/Resources/modules/rayne-bullet\"",
				);
				OTHER_LDFLAGS = (
					"-lRayne",
					"-lrayne-sixense",
					"-lrayne-oculus",
					"-lrayne-bullet",
				);
				PRODUCT_NAME = "$(TARGET_NAME)";
				SDKROOT = macosx10.9;
				WRAPPER_EXTENSION = app;
			};
			name = Debug;
		};
		D5D2ADFA1A3346A8006C5C96 /* Release */ = {
			isa = XCBuildConfiguration;
			buildSettings = {
				GCC_PRECOMPILE_PREFIX_HEADER = YES;
				GCC_PREFIX_HEADER = "VludumdaRe/Supporting files/VludumdaRe-Prefix.pch";
				GCC_PREPROCESSOR_DEFINITIONS = (
					"$(inherited)",
					"NDEBUG=1",
				);
				HEADER_SEARCH_PATHS = (
					"$(inherited)",
					/usr/local/include/rayne/,
					"\"$(SRCROOT)/VludumdaRe/Resources/modules/rayne-sixense/include\"",
					"\"$(SRCROOT)/VludumdaRe/Resources/modules/rayne-oculus/include\"",
					"\"$(SRCROOT)/VludumdaRe/Resources/modules/rayne-oculus/Src\"",
					"\"$(SRCROOT)/VludumdaRe/Resources/modules/rayne-bullet/include\"",
				);
				INFOPLIST_FILE = "VludumdaRe/Supporting files/VludumdaRe-Info.plist";
				LIBRARY_SEARCH_PATHS = (
					"$(inherited)",
					/usr/local/lib/,
					"\"$(SRCROOT)/VludumdaRe/Resources/modules\"",
					"$(PROJECT_DIR)/VludumdaRe/Resources/modules/rayne-sixense",
					"\"$(SRCROOT)/VludumdaRe/Resources/modules/rayne-oculus\"",
					"\"$(SRCROOT)/VludumdaRe/Resources/modules/rayne-bullet\"",
				);
				OTHER_LDFLAGS = (
					"-lRayne",
					"-lrayne-sixense",
					"-lrayne-oculus",
					"-lrayne-bullet",
				);
				PRODUCT_NAME = "$(TARGET_NAME)";
				SDKROOT = macosx10.9;
				WRAPPER_EXTENSION = app;
			};
			name = Release;
		};
/* End XCBuildConfiguration section */

/* Begin XCConfigurationList section */
		D5D2ADDD1A3346A8006C5C96 /* Build configuration list for PBXProject "VludumdaRe" */ = {
			isa = XCConfigurationList;
			buildConfigurations = (
				D5D2ADF61A3346A8006C5C96 /* Debug */,
				D5D2ADF71A3346A8006C5C96 /* Release */,
			);
			defaultConfigurationIsVisible = 0;
			defaultConfigurationName = Release;
		};
		D5D2ADF81A3346A8006C5C96 /* Build configuration list for PBXNativeTarget "VludumdaRe" */ = {
			isa = XCConfigurationList;
			buildConfigurations = (
				D5D2ADF91A3346A8006C5C96 /* Debug */,
				D5D2ADFA1A3346A8006C5C96 /* Release */,
			);
			defaultConfigurationIsVisible = 0;
			defaultConfigurationName = Release;
		};
/* End XCConfigurationList section */
	};
	rootObject = D5D2ADDA1A3346A8006C5C96 /* Project object */;
}
